
Microsoft Visual Studio Solution File, Format Version 12.00
# Visual Studio 15
VisualStudioVersion = 15.0.27428.2043
MinimumVisualStudioVersion = 10.0.40219.1
Project("{FAE04EC0-301F-11D3-BF4B-00C04F79EFBC}") = "WorkingWithVisualStudio", "WorkingWithVisualStudio\WorkingWithVisualStudio.csproj", "{9BE14CC7-546D-4064-A348-6AD685CB9310}"
EndProject
Global
	GlobalSection(SolutionConfigurationPlatforms) = preSolution
		Debug|Any CPU = Debug|Any CPU
		Release|Any CPU = Release|Any CPU
	EndGlobalSection
	GlobalSection(ProjectConfigurationPlatforms) = postSolution
		{9BE14CC7-546D-4064-A348-6AD685CB9310}.Debug|Any CPU.ActiveCfg = Debug|Any CPU
		{9BE14CC7-546D-4064-A348-6AD685CB9310}.Debug|Any CPU.Build.0 = Debug|Any CPU
		{9BE14CC7-546D-4064-A348-6AD685CB9310}.Release|Any CPU.ActiveCfg = Release|Any CPU
		{9BE14CC7-546D-4064-A348-6AD685CB9310}.Release|Any CPU.Build.0 = Release|Any CPU
	EndGlobalSection
	GlobalSection(SolutionProperties) = preSolution
		HideSolutionNode = FALSE
	EndGlobalSection
	GlobalSection(ExtensibilityGlobals) = postSolution
		SolutionGuid = {F3C1DBDA-0E42-4EB7-8FB9-380F9B5BDC56}
	EndGlobalSection
EndGlobal
